
Microsoft Visual Studio Solution File, Format Version 12.00
# Visual Studio Version 17
VisualStudioVersion = 17.9.34607.119
MinimumVisualStudioVersion = 10.0.40219.1
Project("{8BC9CEB8-8B4A-11D0-8D11-00A0C91BC942}") = "practicum-2-team-12-ebbe-mathias", "practicum-2-team-12-ebbe-mathias.vcxproj", "{38E18AB7-F3DC-432D-83A2-F1FD9388AB1D}"
EndProject
Global
	GlobalSection(SolutionConfigurationPlatforms) = preSolution
		Debug|x64 = Debug|x64
		Debug|x86 = Debug|x86
		Release|x64 = Release|x64
		Release|x86 = Release|x86
	EndGlobalSection
	GlobalSection(ProjectConfigurationPlatforms) = postSolution
		{38E18AB7-F3DC-432D-83A2-F1FD9388AB1D}.Debug|x64.ActiveCfg = Debug|x64
		{38E18AB7-F3DC-432D-83A2-F1FD9388AB1D}.Debug|x64.Build.0 = Debug|x64
		{38E18AB7-F3DC-432D-83A2-F1FD9388AB1D}.Debug|x86.ActiveCfg = Debug|Win32
		{38E18AB7-F3DC-432D-83A2-F1FD9388AB1D}.Debug|x86.Build.0 = Debug|Win32
		{38E18AB7-F3DC-432D-83A2-F1FD9388AB1D}.Release|x64.ActiveCfg = Release|x64
		{38E18AB7-F3DC-432D-83A2-F1FD9388AB1D}.Release|x64.Build.0 = Release|x64
		{38E18AB7-F3DC-432D-83A2-F1FD9388AB1D}.Release|x86.ActiveCfg = Release|Win32
		{38E18AB7-F3DC-432D-83A2-F1FD9388AB1D}.Release|x86.Build.0 = Release|Win32
	EndGlobalSection
	GlobalSection(SolutionProperties) = preSolution
		HideSolutionNode = FALSE
	EndGlobalSection
	GlobalSection(ExtensibilityGlobals) = postSolution
		SolutionGuid = {321B09F5-D058-4BB7-91FC-30F97B7BB724}
	EndGlobalSection
EndGlobal
